<Solution>
  <Project Path="src/ClashMimo.Application/ClashMimo.Application.csproj" />
  <Project Path="src/ClashMimo.Tray/ClashMimo.Tray.csproj" />
  <Project Path="src/ClashMimo.Domain/ClashMimo.Domain.csproj" />
  <Project Path="src/ClashMimo.Infrastructure/ClashMimo.Infrastructure.csproj" />
  <Project Path="src/ClashMimo.Native/ClashMimo.Native.csproj" />
  <Project Path="src/ClashMimo.Presentation/ClashMimo.Presentation.csproj" />
  <Project Path="src/ClashMimo.Desktop/ClashMimo.Desktop.csproj" />
  <Project Path="tests/ClashMimo.ProxySelection.Tests/ClashMimo.ProxySelection.Tests.csproj" />
  <Project Path="tests/ClashMimo.RuntimeConfig.Tests/ClashMimo.RuntimeConfig.Tests.csproj" />
  <Project Path="tests/ClashMimo.ChainProxy.Tests/ClashMimo.ChainProxy.Tests.csproj" />
  <Project Path="tests/ClashMimo.Monitoring.Tests/ClashMimo.Monitoring.Tests.csproj" />
  <Project Path="tests/ClashMimo.Subscription.Tests/ClashMimo.Subscription.Tests.csproj" />
  <Project Path="tests/ClashMimo.Settings.Tests/ClashMimo.Settings.Tests.csproj" />
</Solution>
